
Microsoft Visual Studio Solution File, Format Version 12.00
# Visual Studio Version 17
VisualStudioVersion = 17.14.36212.18 d17.14
MinimumVisualStudioVersion = 10.0.40219.1
Project("{FAE04EC0-301F-11D3-BF4B-00C04F79EFBC}") = "TeamInfoAPI", "TeamInfoAPI\TeamInfoAPI.csproj", "{E62F164C-6F37-4951-902E-F55FD7B5D172}"
EndProject
Global
	GlobalSection(SolutionConfigurationPlatforms) = preSolution
		Debug|Any CPU = Debug|Any CPU
		Release|Any CPU = Release|Any CPU
	EndGlobalSection
	GlobalSection(ProjectConfigurationPlatforms) = postSolution
		{E62F164C-6F37-4951-902E-F55FD7B5D172}.Debug|Any CPU.ActiveCfg = Debug|Any CPU
		{E62F164C-6F37-4951-902E-F55FD7B5D172}.Debug|Any CPU.Build.0 = Debug|Any CPU
		{E62F164C-6F37-4951-902E-F55FD7B5D172}.Release|Any CPU.ActiveCfg = Release|Any CPU
		{E62F164C-6F37-4951-902E-F55FD7B5D172}.Release|Any CPU.Build.0 = Release|Any CPU
	EndGlobalSection
	GlobalSection(SolutionProperties) = preSolution
		HideSolutionNode = FALSE
	EndGlobalSection
	GlobalSection(ExtensibilityGlobals) = postSolution
		SolutionGuid = {536E2FAA-F06E-49DB-8C3F-C1DC20C1E01E}
	EndGlobalSection
EndGlobal
